
Microsoft Visual Studio Solution File, Format Version 12.00
# Visual Studio Version 17
VisualStudioVersion = 17.4.33205.214
MinimumVisualStudioVersion = 10.0.40219.1
Project("{FAE04EC0-301F-11D3-BF4B-00C04F79EFBC}") = "lab-04-QLNV", "lab-04-QLNV\lab-04-QLNV.csproj", "{A2BA153B-313B-452C-843A-6D1049BAB381}"
EndProject
Global
	GlobalSection(SolutionConfigurationPlatforms) = preSolution
		Debug|Any CPU = Debug|Any CPU
		Release|Any CPU = Release|Any CPU
	EndGlobalSection
	GlobalSection(ProjectConfigurationPlatforms) = postSolution
		{A2BA153B-313B-452C-843A-6D1049BAB381}.Debug|Any CPU.ActiveCfg = Debug|Any CPU
		{A2BA153B-313B-452C-843A-6D1049BAB381}.Debug|Any CPU.Build.0 = Debug|Any CPU
		{A2BA153B-313B-452C-843A-6D1049BAB381}.Release|Any CPU.ActiveCfg = Release|Any CPU
		{A2BA153B-313B-452C-843A-6D1049BAB381}.Release|Any CPU.Build.0 = Release|Any CPU
	EndGlobalSection
	GlobalSection(SolutionProperties) = preSolution
		HideSolutionNode = FALSE
	EndGlobalSection
	GlobalSection(ExtensibilityGlobals) = postSolution
		SolutionGuid = {9B7C42A8-F0BA-4234-89B0-E61AB62D2DEA}
	EndGlobalSection
EndGlobal
